
Microsoft Visual Studio Solution File, Format Version 12.00
# Visual Studio Version 17
VisualStudioVersion = 17.9.34622.214
MinimumVisualStudioVersion = 10.0.40219.1
Project("{9A19103F-16F7-4668-BE54-9A1E7A4F7556}") = "ntwrk.Client", "ntwrk.Client\ntwrk.Client.csproj", "{D23F4613-5BED-44DF-80AF-6F5409E391EC}"
EndProject
Project("{2150E333-8FDC-42A3-9474-1A3956D46DE8}") = "Solution Items", "Solution Items", "{28ADAD81-15FF-4769-A939-ED4F58C0D5EE}"
	ProjectSection(SolutionItems) = preProject
		.editorconfig = .editorconfig
	EndProjectSection
EndProject
Global
	GlobalSection(SolutionConfigurationPlatforms) = preSolution
		Debug|Any CPU = Debug|Any CPU
		Release|Any CPU = Release|Any CPU
	EndGlobalSection
	GlobalSection(ProjectConfigurationPlatforms) = postSolution
		{D23F4613-5BED-44DF-80AF-6F5409E391EC}.Debug|Any CPU.ActiveCfg = Debug|Any CPU
		{D23F4613-5BED-44DF-80AF-6F5409E391EC}.Debug|Any CPU.Build.0 = Debug|Any CPU
		{D23F4613-5BED-44DF-80AF-6F5409E391EC}.Debug|Any CPU.Deploy.0 = Debug|Any CPU
		{D23F4613-5BED-44DF-80AF-6F5409E391EC}.Release|Any CPU.ActiveCfg = Release|Any CPU
		{D23F4613-5BED-44DF-80AF-6F5409E391EC}.Release|Any CPU.Build.0 = Release|Any CPU
		{D23F4613-5BED-44DF-80AF-6F5409E391EC}.Release|Any CPU.Deploy.0 = Release|Any CPU
	EndGlobalSection
	GlobalSection(SolutionProperties) = preSolution
		HideSolutionNode = FALSE
	EndGlobalSection
	GlobalSection(ExtensibilityGlobals) = postSolution
		SolutionGuid = {8603A312-9DD3-488B-8BB7-E86214D5E700}
	EndGlobalSection
EndGlobal
